schema: '2.0'
stages:
  process:
    cmd: python src/process_ratings.py
    deps:
    - path: data/raw/ratings.csv
      hash: md5
      md5: dff8efc826e909fc3f52ca1a55a1af7d
      size: 42779
    - path: src/process_ratings.py
      hash: md5
      md5: f4ee57a11335d50fd96294c25e8db527
      size: 607
    outs:
    - path: data/processed/ratings_clean.csv
      hash: md5
      md5: dff8efc826e909fc3f52ca1a55a1af7d
      size: 42779
  features:
    cmd: python src/create_features.py
    deps:
    - path: data/processed/ratings_clean.csv
      hash: md5
      md5: dff8efc826e909fc3f52ca1a55a1af7d
      size: 42779
    - path: src/create_features.py
      hash: md5
      md5: e1903541b2447d796b72a9c7d3fafbed
      size: 509
    outs:
    - path: models/user_similarity.pkl
      hash: md5
      md5: f92cc76d27025dd8ad45e6007d09cbc9
      size: 320225
